
Microsoft Visual Studio Solution File, Format Version 12.00
# Visual Studio Version 16
VisualStudioVersion = 16.0.30114.105
MinimumVisualStudioVersion = 10.0.40219.1
Project("{FAE04EC0-301F-11D3-BF4B-00C04F79EFBC}") = "API", "API\API.csproj", "{2366DE18-E041-4C20-9028-91037FAE9A54}"
EndProject
Project("{FAE04EC0-301F-11D3-BF4B-00C04F79EFBC}") = "Core", "Core\Core.csproj", "{B794D2F8-E16C-4ABB-A827-181AF319218C}"
EndProject
Project("{FAE04EC0-301F-11D3-BF4B-00C04F79EFBC}") = "Infrastructure", "Infrastructure\Infrastructure.csproj", "{5B33FF10-7742-4694-913E-E3AE55FCA202}"
EndProject
Global
	GlobalSection(SolutionConfigurationPlatforms) = preSolution
		Debug|Any CPU = Debug|Any CPU
		Release|Any CPU = Release|Any CPU
	EndGlobalSection
	GlobalSection(SolutionProperties) = preSolution
		HideSolutionNode = FALSE
	EndGlobalSection
	GlobalSection(ProjectConfigurationPlatforms) = postSolution
		{2366DE18-E041-4C20-9028-91037FAE9A54}.Debug|Any CPU.ActiveCfg = Debug|Any CPU
		{2366DE18-E041-4C20-9028-91037FAE9A54}.Debug|Any CPU.Build.0 = Debug|Any CPU
		{2366DE18-E041-4C20-9028-91037FAE9A54}.Release|Any CPU.ActiveCfg = Release|Any CPU
		{2366DE18-E041-4C20-9028-91037FAE9A54}.Release|Any CPU.Build.0 = Release|Any CPU
		{B794D2F8-E16C-4ABB-A827-181AF319218C}.Debug|Any CPU.ActiveCfg = Debug|Any CPU
		{B794D2F8-E16C-4ABB-A827-181AF319218C}.Debug|Any CPU.Build.0 = Debug|Any CPU
		{B794D2F8-E16C-4ABB-A827-181AF319218C}.Release|Any CPU.ActiveCfg = Release|Any CPU
		{B794D2F8-E16C-4ABB-A827-181AF319218C}.Release|Any CPU.Build.0 = Release|Any CPU
		{5B33FF10-7742-4694-913E-E3AE55FCA202}.Debug|Any CPU.ActiveCfg = Debug|Any CPU
		{5B33FF10-7742-4694-913E-E3AE55FCA202}.Debug|Any CPU.Build.0 = Debug|Any CPU
		{5B33FF10-7742-4694-913E-E3AE55FCA202}.Release|Any CPU.ActiveCfg = Release|Any CPU
		{5B33FF10-7742-4694-913E-E3AE55FCA202}.Release|Any CPU.Build.0 = Release|Any CPU
	EndGlobalSection
EndGlobal
